{
  "pins" : [
    {
      "identity" : "page-viewer",
      "kind" : "remoteSourceControl",
      "location" : "https://github.com/cbepxbeo/page-viewer.git",
      "state" : {
        "branch" : "develop",
        "revision" : "772d4f2a29df7a086411c57eb95add49b6cbb725"
      }
    }
  ],
  "version" : 2
}
