{
  "pins" : [
    {
      "identity" : "page-viewer",
      "kind" : "remoteSourceControl",
      "location" : "https://github.com/cbepxbeo/page-viewer.git",
      "state" : {
        "branch" : "develop",
        "revision" : "b579b575ce7bb768e69aad60539ab53f1d059db9"
      }
    }
  ],
  "version" : 2
}
